
Microsoft Visual Studio Solution File, Format Version 12.00
# Visual Studio Version 16
VisualStudioVersion = 16.0.29318.209
MinimumVisualStudioVersion = 10.0.40219.1
Project("{FAE04EC0-301F-11D3-BF4B-00C04F79EFBC}") = "AutoML.CodeGenerator.Blazor", "AutoML.CodeGenerator.Blazor\AutoML.CodeGenerator.Blazor.csproj", "{A30D9C21-D53B-48CD-9AA1-48A5712340B8}"
EndProject
Global
	GlobalSection(SolutionConfigurationPlatforms) = preSolution
		Debug|Any CPU = Debug|Any CPU
		Release|Any CPU = Release|Any CPU
	EndGlobalSection
	GlobalSection(ProjectConfigurationPlatforms) = postSolution
		{A30D9C21-D53B-48CD-9AA1-48A5712340B8}.Debug|Any CPU.ActiveCfg = Debug|Any CPU
		{A30D9C21-D53B-48CD-9AA1-48A5712340B8}.Debug|Any CPU.Build.0 = Debug|Any CPU
		{A30D9C21-D53B-48CD-9AA1-48A5712340B8}.Release|Any CPU.ActiveCfg = Release|Any CPU
		{A30D9C21-D53B-48CD-9AA1-48A5712340B8}.Release|Any CPU.Build.0 = Release|Any CPU
	EndGlobalSection
	GlobalSection(SolutionProperties) = preSolution
		HideSolutionNode = FALSE
	EndGlobalSection
	GlobalSection(ExtensibilityGlobals) = postSolution
		SolutionGuid = {9B5A3B40-5649-4CB6-8966-CCEA7C93F82C}
	EndGlobalSection
EndGlobal
